// !$*UTF8*$!
{
	archiveVersion = 1;
	classes = {
	};
	objectVersion = 50;
	objects = {

/* Begin PBXBuildFile section */
		9A5557CA25FF80C500204254 /* SpandexApp.swift in Sources */ = {isa = PBXBuildFile; fileRef = 9A5557C925FF80C500204254 /* SpandexApp.swift */; };
		9A5557CC25FF80C500204254 /* ContentView.swift in Sources */ = {isa = PBXBuildFile; fileRef = 9A5557CB25FF80C500204254 /* ContentView.swift */; };
		9A5557CE25FF80C600204254 /* Assets.xcassets in Resources */ = {isa = PBXBuildFile; fileRef = 9A5557CD25FF80C600204254 /* Assets.xcassets */; };
		9A5557D125FF80C600204254 /* Preview Assets.xcassets in Resources */ = {isa = PBXBuildFile; fileRef = 9A5557D025FF80C600204254 /* Preview Assets.xcassets */; };
		9A5557DC25FF80C600204254 /* SpandexTests.swift in Sources */ = {isa = PBXBuildFile; fileRef = 9A5557DB25FF80C600204254 /* SpandexTests.swift */; };
		9A5557E725FF80C600204254 /* SpandexUITests.swift in Sources */ = {isa = PBXBuildFile; fileRef = 9A5557E625FF80C600204254 /* SpandexUITests.swift */; };
		9A6E554925FF89A700C9008A /* SuperHeroListView.swift in Sources */ = {isa = PBXBuildFile; fileRef = 9A6E554825FF89A700C9008A /* SuperHeroListView.swift */; };
/* End PBXBuildFile section */

/* Begin PBXContainerItemProxy section */
		9A5557D825FF80C600204254 /* PBXContainerItemProxy */ = {
			isa = PBXContainerItemProxy;
			containerPortal = 9A5557BE25FF80C500204254 /* Project object */;
			proxyType = 1;
			remoteGlobalIDString = 9A5557C525FF80C500204254;
			remoteInfo = Spandex;
		};
		9A5557E325FF80C600204254 /* PBXContainerItemProxy */ = {
			isa = PBXContainerItemProxy;
			containerPortal = 9A5557BE25FF80C500204254 /* Project object */;
			proxyType = 1;
			remoteGlobalIDString = 9A5557C525FF80C500204254;
			remoteInfo = Spandex;
		};
/* End PBXContainerItemProxy section */

/* Begin PBXFileReference section */
		9A5557C625FF80C500204254 /* Spandex.app */ = {isa = PBXFileReference; explicitFileType = wrapper.application; includeInIndex = 0; path = Spandex.app; sourceTree = BUILT_PRODUCTS_DIR; };
		9A5557C925FF80C500204254 /* SpandexApp.swift */ = {isa = PBXFileReference; lastKnownFileType = sourcecode.swift; path = SpandexApp.swift; sourceTree = "<group>"; };
		9A5557CB25FF80C500204254 /* ContentView.swift */ = {isa = PBXFileReference; lastKnownFileType = sourcecode.swift; path = ContentView.swift; sourceTree = "<group>"; };
		9A5557CD25FF80C600204254 /* Assets.xcassets */ = {isa = PBXFileReference; lastKnownFileType = folder.assetcatalog; path = Assets.xcassets; sourceTree = "<group>"; };
		9A5557D025FF80C600204254 /* Preview Assets.xcassets */ = {isa = PBXFileReference; lastKnownFileType = folder.assetcatalog; path = "Preview Assets.xcassets"; sourceTree = "<group>"; };
		9A5557D225FF80C600204254 /* Info.plist */ = {isa = PBXFileReference; lastKnownFileType = text.plist.xml; path = Info.plist; sourceTree = "<group>"; };
		9A5557D725FF80C600204254 /* SpandexTests.xctest */ = {isa = PBXFileReference; explicitFileType = wrapper.cfbundle; includeInIndex = 0; path = SpandexTests.xctest; sourceTree = BUILT_PRODUCTS_DIR; };
		9A5557DB25FF80C600204254 /* SpandexTests.swift */ = {isa = PBXFileReference; lastKnownFileType = sourcecode.swift; path = SpandexTests.swift; sourceTree = "<group>"; };
		9A5557DD25FF80C600204254 /* Info.plist */ = {isa = PBXFileReference; lastKnownFileType = text.plist.xml; path = Info.plist; sourceTree = "<group>"; };
		9A5557E225FF80C600204254 /* SpandexUITests.xctest */ = {isa = PBXFileReference; explicitFileType = wrapper.cfbundle; includeInIndex = 0; path = SpandexUITests.xctest; sourceTree = BUILT_PRODUCTS_DIR; };
		9A5557E625FF80C600204254 /* SpandexUITests.swift */ = {isa = PBXFileReference; lastKnownFileType = sourcecode.swift; path = SpandexUITests.swift; sourceTree = "<group>"; };
		9A5557E825FF80C600204254 /* Info.plist */ = {isa = PBXFileReference; lastKnownFileType = text.plist.xml; path = Info.plist; sourceTree = "<group>"; };
		9A6E554825FF89A700C9008A /* SuperHeroListView.swift */ = {isa = PBXFileReference; lastKnownFileType = sourcecode.swift; path = SuperHeroListView.swift; sourceTree = "<group>"; };
/* End PBXFileReference section */

/* Begin PBXFrameworksBuildPhase section */
		9A5557C325FF80C500204254 /* Frameworks */ = {
			isa = PBXFrameworksBuildPhase;
			buildActionMask = 2147483647;
			files = (
			);
			runOnlyForDeploymentPostprocessing = 0;
		};
		9A5557D425FF80C600204254 /* Frameworks */ = {
			isa = PBXFrameworksBuildPhase;
			buildActionMask = 2147483647;
			files = (
			);
			runOnlyForDeploymentPostprocessing = 0;
		};
		9A5557DF25FF80C600204254 /* Frameworks */ = {
			isa = PBXFrameworksBuildPhase;
			buildActionMask = 2147483647;
			files = (
			);
			runOnlyForDeploymentPostprocessing = 0;
		};
/* End PBXFrameworksBuildPhase section */

/* Begin PBXGroup section */
		9A5557BD25FF80C500204254 = {
			isa = PBXGroup;
			children = (
				9A5557C825FF80C500204254 /* Spandex */,
				9A5557DA25FF80C600204254 /* SpandexTests */,
				9A5557E525FF80C600204254 /* SpandexUITests */,
				9A5557C725FF80C500204254 /* Products */,
			);
			sourceTree = "<group>";
		};
		9A5557C725FF80C500204254 /* Products */ = {
			isa = PBXGroup;
			children = (
				9A5557C625FF80C500204254 /* Spandex.app */,
				9A5557D725FF80C600204254 /* SpandexTests.xctest */,
				9A5557E225FF80C600204254 /* SpandexUITests.xctest */,
			);
			name = Products;
			sourceTree = "<group>";
		};
		9A5557C825FF80C500204254 /* Spandex */ = {
			isa = PBXGroup;
			children = (
				9A55580725FF852E00204254 /* Views */,
				9A5557C925FF80C500204254 /* SpandexApp.swift */,
				9A5557CD25FF80C600204254 /* Assets.xcassets */,
				9A5557D225FF80C600204254 /* Info.plist */,
				9A5557CF25FF80C600204254 /* Preview Content */,
			);
			path = Spandex;
			sourceTree = "<group>";
		};
		9A5557CF25FF80C600204254 /* Preview Content */ = {
			isa = PBXGroup;
			children = (
				9A5557D025FF80C600204254 /* Preview Assets.xcassets */,
			);
			path = "Preview Content";
			sourceTree = "<group>";
		};
		9A5557DA25FF80C600204254 /* SpandexTests */ = {
			isa = PBXGroup;
			children = (
				9A5557DB25FF80C600204254 /* SpandexTests.swift */,
				9A5557DD25FF80C600204254 /* Info.plist */,
			);
			path = SpandexTests;
			sourceTree = "<group>";
		};
		9A5557E525FF80C600204254 /* SpandexUITests */ = {
			isa = PBXGroup;
			children = (
				9A5557E625FF80C600204254 /* SpandexUITests.swift */,
				9A5557E825FF80C600204254 /* Info.plist */,
			);
			path = SpandexUITests;
			sourceTree = "<group>";
		};
		9A55580725FF852E00204254 /* Views */ = {
			isa = PBXGroup;
			children = (
				9A5557CB25FF80C500204254 /* ContentView.swift */,
				9A6E554825FF89A700C9008A /* SuperHeroListView.swift */,
			);
			path = Views;
			sourceTree = "<group>";
		};
/* End PBXGroup section */

/* Begin PBXNativeTarget section */
		9A5557C525FF80C500204254 /* Spandex */ = {
			isa = PBXNativeTarget;
			buildConfigurationList = 9A5557EB25FF80C700204254 /* Build configuration list for PBXNativeTarget "Spandex" */;
			buildPhases = (
				9A5557C225FF80C500204254 /* Sources */,
				9A5557C325FF80C500204254 /* Frameworks */,
				9A5557C425FF80C500204254 /* Resources */,
				9A5557FA25FF81D100204254 /* Swiftlint */,
			);
			buildRules = (
			);
			dependencies = (
			);
			name = Spandex;
			productName = Spandex;
			productReference = 9A5557C625FF80C500204254 /* Spandex.app */;
			productType = "com.apple.product-type.application";
		};
		9A5557D625FF80C600204254 /* SpandexTests */ = {
			isa = PBXNativeTarget;
			buildConfigurationList = 9A5557EE25FF80C700204254 /* Build configuration list for PBXNativeTarget "SpandexTests" */;
			buildPhases = (
				9A5557D325FF80C600204254 /* Sources */,
				9A5557D425FF80C600204254 /* Frameworks */,
				9A5557D525FF80C600204254 /* Resources */,
			);
			buildRules = (
			);
			dependencies = (
				9A5557D925FF80C600204254 /* PBXTargetDependency */,
			);
			name = SpandexTests;
			productName = SpandexTests;
			productReference = 9A5557D725FF80C600204254 /* SpandexTests.xctest */;
			productType = "com.apple.product-type.bundle.unit-test";
		};
		9A5557E125FF80C600204254 /* SpandexUITests */ = {
			isa = PBXNativeTarget;
			buildConfigurationList = 9A5557F125FF80C700204254 /* Build configuration list for PBXNativeTarget "SpandexUITests" */;
			buildPhases = (
				9A5557DE25FF80C600204254 /* Sources */,
				9A5557DF25FF80C600204254 /* Frameworks */,
				9A5557E025FF80C600204254 /* Resources */,
			);
			buildRules = (
			);
			dependencies = (
				9A5557E425FF80C600204254 /* PBXTargetDependency */,
			);
			name = SpandexUITests;
			productName = SpandexUITests;
			productReference = 9A5557E225FF80C600204254 /* SpandexUITests.xctest */;
			productType = "com.apple.product-type.bundle.ui-testing";
		};
/* End PBXNativeTarget section */

/* Begin PBXProject section */
		9A5557BE25FF80C500204254 /* Project object */ = {
			isa = PBXProject;
			attributes = {
				LastSwiftUpdateCheck = 1240;
				LastUpgradeCheck = 1240;
				TargetAttributes = {
					9A5557C525FF80C500204254 = {
						CreatedOnToolsVersion = 12.4;
					};
					9A5557D625FF80C600204254 = {
						CreatedOnToolsVersion = 12.4;
						TestTargetID = 9A5557C525FF80C500204254;
					};
					9A5557E125FF80C600204254 = {
						CreatedOnToolsVersion = 12.4;
						TestTargetID = 9A5557C525FF80C500204254;
					};
				};
			};
			buildConfigurationList = 9A5557C125FF80C500204254 /* Build configuration list for PBXProject "Spandex" */;
			compatibilityVersion = "Xcode 9.3";
			developmentRegion = en;
			hasScannedForEncodings = 0;
			knownRegions = (
				en,
				Base,
			);
			mainGroup = 9A5557BD25FF80C500204254;
			productRefGroup = 9A5557C725FF80C500204254 /* Products */;
			projectDirPath = "";
			projectRoot = "";
			targets = (
				9A5557C525FF80C500204254 /* Spandex */,
				9A5557D625FF80C600204254 /* SpandexTests */,
				9A5557E125FF80C600204254 /* SpandexUITests */,
			);
		};
/* End PBXProject section */

/* Begin PBXResourcesBuildPhase section */
		9A5557C425FF80C500204254 /* Resources */ = {
			isa = PBXResourcesBuildPhase;
			buildActionMask = 2147483647;
			files = (
				9A5557D125FF80C600204254 /* Preview Assets.xcassets in Resources */,
				9A5557CE25FF80C600204254 /* Assets.xcassets in Resources */,
			);
			runOnlyForDeploymentPostprocessing = 0;
		};
		9A5557D525FF80C600204254 /* Resources */ = {
			isa = PBXResourcesBuildPhase;
			buildActionMask = 2147483647;
			files = (
			);
			runOnlyForDeploymentPostprocessing = 0;
		};
		9A5557E025FF80C600204254 /* Resources */ = {
			isa = PBXResourcesBuildPhase;
			buildActionMask = 2147483647;
			files = (
			);
			runOnlyForDeploymentPostprocessing = 0;
		};
/* End PBXResourcesBuildPhase section */

/* Begin PBXShellScriptBuildPhase section */
		9A5557FA25FF81D100204254 /* Swiftlint */ = {
			isa = PBXShellScriptBuildPhase;
			buildActionMask = 2147483647;
			files = (
			);
			inputFileListPaths = (
			);
			inputPaths = (
			);
			name = Swiftlint;
			outputFileListPaths = (
			);
			outputPaths = (
			);
			runOnlyForDeploymentPostprocessing = 0;
			shellPath = /bin/sh;
			shellScript = "if which swiftlint >/dev/null; then\n  swiftlint autocorrect\nelse\n  echo \"warning: SwiftLint not installed, download from https://github.com/realm/SwiftLint\"\nfi\n";
		};
/* End PBXShellScriptBuildPhase section */

/* Begin PBXSourcesBuildPhase section */
		9A5557C225FF80C500204254 /* Sources */ = {
			isa = PBXSourcesBuildPhase;
			buildActionMask = 2147483647;
			files = (
				9A6E554925FF89A700C9008A /* SuperHeroListView.swift in Sources */,
				9A5557CC25FF80C500204254 /* ContentView.swift in Sources */,
				9A5557CA25FF80C500204254 /* SpandexApp.swift in Sources */,
			);
			runOnlyForDeploymentPostprocessing = 0;
		};
		9A5557D325FF80C600204254 /* Sources */ = {
			isa = PBXSourcesBuildPhase;
			buildActionMask = 2147483647;
			files = (
				9A5557DC25FF80C600204254 /* SpandexTests.swift in Sources */,
			);
			runOnlyForDeploymentPostprocessing = 0;
		};
		9A5557DE25FF80C600204254 /* Sources */ = {
			isa = PBXSourcesBuildPhase;
			buildActionMask = 2147483647;
			files = (
				9A5557E725FF80C600204254 /* SpandexUITests.swift in Sources */,
			);
			runOnlyForDeploymentPostprocessing = 0;
		};
/* End PBXSourcesBuildPhase section */

/* Begin PBXTargetDependency section */
		9A5557D925FF80C600204254 /* PBXTargetDependency */ = {
			isa = PBXTargetDependency;
			target = 9A5557C525FF80C500204254 /* Spandex */;
			targetProxy = 9A5557D825FF80C600204254 /* PBXContainerItemProxy */;
		};
		9A5557E425FF80C600204254 /* PBXTargetDependency */ = {
			isa = PBXTargetDependency;
			target = 9A5557C525FF80C500204254 /* Spandex */;
			targetProxy = 9A5557E325FF80C600204254 /* PBXContainerItemProxy */;
		};
/* End PBXTargetDependency section */

/* Begin XCBuildConfiguration section */
		9A5557E925FF80C700204254 /* Debug */ = {
			isa = XCBuildConfiguration;
			buildSettings = {
				ALWAYS_SEARCH_USER_PATHS = NO;
				CLANG_ANALYZER_NONNULL = YES;
				CLANG_ANALYZER_NUMBER_OBJECT_CONVERSION = YES_AGGRESSIVE;
				CLANG_CXX_LANGUAGE_STANDARD = "gnu++14";
				CLANG_CXX_LIBRARY = "libc++";
				CLANG_ENABLE_MODULES = YES;
				CLANG_ENABLE_OBJC_ARC = YES;
				CLANG_ENABLE_OBJC_WEAK = YES;
				CLANG_WARN_BLOCK_CAPTURE_AUTORELEASING = YES;
				CLANG_WARN_BOOL_CONVERSION = YES;
				CLANG_WARN_COMMA = YES;
				CLANG_WARN_CONSTANT_CONVERSION = YES;
				CLANG_WARN_DEPRECATED_OBJC_IMPLEMENTATIONS = YES;
				CLANG_WARN_DIRECT_OBJC_ISA_USAGE = YES_ERROR;
				CLANG_WARN_DOCUMENTATION_COMMENTS = YES;
				CLANG_WARN_EMPTY_BODY = YES;
				CLANG_WARN_ENUM_CONVERSION = YES;
				CLANG_WARN_INFINITE_RECURSION = YES;
				CLANG_WARN_INT_CONVERSION = YES;
				CLANG_WARN_NON_LITERAL_NULL_CONVERSION = YES;
				CLANG_WARN_OBJC_IMPLICIT_RETAIN_SELF = YES;
				CLANG_WARN_OBJC_LITERAL_CONVERSION = YES;
				CLANG_WARN_OBJC_ROOT_CLASS = YES_ERROR;
				CLANG_WARN_QUOTED_INCLUDE_IN_FRAMEWORK_HEADER = YES;
				CLANG_WARN_RANGE_LOOP_ANALYSIS = YES;
				CLANG_WARN_STRICT_PROTOTYPES = YES;
				CLANG_WARN_SUSPICIOUS_MOVE = YES;
				CLANG_WARN_UNGUARDED_AVAILABILITY = YES_AGGRESSIVE;
				CLANG_WARN_UNREACHABLE_CODE = YES;
				CLANG_WARN__DUPLICATE_METHOD_MATCH = YES;
				COPY_PHASE_STRIP = NO;
				DEBUG_INFORMATION_FORMAT = dwarf;
				ENABLE_STRICT_OBJC_MSGSEND = YES;
				ENABLE_TESTABILITY = YES;
				GCC_C_LANGUAGE_STANDARD = gnu11;
				GCC_DYNAMIC_NO_PIC = NO;
				GCC_NO_COMMON_BLOCKS = YES;
				GCC_OPTIMIZATION_LEVEL = 0;
				GCC_PREPROCESSOR_DEFINITIONS = (
					"DEBUG=1",
					"$(inherited)",
				);
				GCC_WARN_64_TO_32_BIT_CONVERSION = YES;
				GCC_WARN_ABOUT_RETURN_TYPE = YES_ERROR;
				GCC_WARN_UNDECLARED_SELECTOR = YES;
				GCC_WARN_UNINITIALIZED_AUTOS = YES_AGGRESSIVE;
				GCC_WARN_UNUSED_FUNCTION = YES;
				GCC_WARN_UNUSED_VARIABLE = YES;
				IPHONEOS_DEPLOYMENT_TARGET = 14.4;
				MTL_ENABLE_DEBUG_INFO = INCLUDE_SOURCE;
				MTL_FAST_MATH = YES;
				ONLY_ACTIVE_ARCH = YES;
				SDKROOT = iphoneos;
				SWIFT_ACTIVE_COMPILATION_CONDITIONS = DEBUG;
				SWIFT_OPTIMIZATION_LEVEL = "-Onone";
			};
			name = Debug;
		};
		9A5557EA25FF80C700204254 /* Release */ = {
			isa = XCBuildConfiguration;
			buildSettings = {
				ALWAYS_SEARCH_USER_PATHS = NO;
				CLANG_ANALYZER_NONNULL = YES;
				CLANG_ANALYZER_NUMBER_OBJECT_CONVERSION = YES_AGGRESSIVE;
				CLANG_CXX_LANGUAGE_STANDARD = "gnu++14";
				CLANG_CXX_LIBRARY = "libc++";
				CLANG_ENABLE_MODULES = YES;
				CLANG_ENABLE_OBJC_ARC = YES;
				CLANG_ENABLE_OBJC_WEAK = YES;
				CLANG_WARN_BLOCK_CAPTURE_AUTORELEASING = YES;
				CLANG_WARN_BOOL_CONVERSION = YES;
				CLANG_WARN_COMMA = YES;
				CLANG_WARN_CONSTANT_CONVERSION = YES;
				CLANG_WARN_DEPRECATED_OBJC_IMPLEMENTATIONS = YES;
				CLANG_WARN_DIRECT_OBJC_ISA_USAGE = YES_ERROR;
				CLANG_WARN_DOCUMENTATION_COMMENTS = YES;
				CLANG_WARN_EMPTY_BODY = YES;
				CLANG_WARN_ENUM_CONVERSION = YES;
				CLANG_WARN_INFINITE_RECURSION = YES;
				CLANG_WARN_INT_CONVERSION = YES;
				CLANG_WARN_NON_LITERAL_NULL_CONVERSION = YES;
				CLANG_WARN_OBJC_IMPLICIT_RETAIN_SELF = YES;
				CLANG_WARN_OBJC_LITERAL_CONVERSION = YES;
				CLANG_WARN_OBJC_ROOT_CLASS = YES_ERROR;
				CLANG_WARN_QUOTED_INCLUDE_IN_FRAMEWORK_HEADER = YES;
				CLANG_WARN_RANGE_LOOP_ANALYSIS = YES;
				CLANG_WARN_STRICT_PROTOTYPES = YES;
				CLANG_WARN_SUSPICIOUS_MOVE = YES;
				CLANG_WARN_UNGUARDED_AVAILABILITY = YES_AGGRESSIVE;
				CLANG_WARN_UNREACHABLE_CODE = YES;
				CLANG_WARN__DUPLICATE_METHOD_MATCH = YES;
				COPY_PHASE_STRIP = NO;
				DEBUG_INFORMATION_FORMAT = "dwarf-with-dsym";
				ENABLE_NS_ASSERTIONS = NO;
				ENABLE_STRICT_OBJC_MSGSEND = YES;
				GCC_C_LANGUAGE_STANDARD = gnu11;
				GCC_NO_COMMON_BLOCKS = YES;
				GCC_WARN_64_TO_32_BIT_CONVERSION = YES;
				GCC_WARN_ABOUT_RETURN_TYPE = YES_ERROR;
				GCC_WARN_UNDECLARED_SELECTOR = YES;
				GCC_WARN_UNINITIALIZED_AUTOS = YES_AGGRESSIVE;
				GCC_WARN_UNUSED_FUNCTION = YES;
				GCC_WARN_UNUSED_VARIABLE = YES;
				IPHONEOS_DEPLOYMENT_TARGET = 14.4;
				MTL_ENABLE_DEBUG_INFO = NO;
				MTL_FAST_MATH = YES;
				SDKROOT = iphoneos;
				SWIFT_COMPILATION_MODE = wholemodule;
				SWIFT_OPTIMIZATION_LEVEL = "-O";
				VALIDATE_PRODUCT = YES;
			};
			name = Release;
		};
		9A5557EC25FF80C700204254 /* Debug */ = {
			isa = XCBuildConfiguration;
			buildSettings = {
				ASSETCATALOG_COMPILER_APPICON_NAME = AppIcon;
				ASSETCATALOG_COMPILER_GLOBAL_ACCENT_COLOR_NAME = AccentColor;
				CODE_SIGN_STYLE = Automatic;
				DEVELOPMENT_ASSET_PATHS = "\"Spandex/Preview Content\"";
				DEVELOPMENT_TEAM = H68A5MYF2Y;
				ENABLE_PREVIEWS = YES;
				INFOPLIST_FILE = Spandex/Info.plist;
				IPHONEOS_DEPLOYMENT_TARGET = 14.0;
				LD_RUNPATH_SEARCH_PATHS = (
					"$(inherited)",
					"@executable_path/Frameworks",
				);
				PRODUCT_BUNDLE_IDENTIFIER = com.codeglee.Spandex;
				PRODUCT_NAME = "$(TARGET_NAME)";
				SWIFT_VERSION = 5.0;
				TARGETED_DEVICE_FAMILY = "1,2";
			};
			name = Debug;
		};
		9A5557ED25FF80C700204254 /* Release */ = {
			isa = XCBuildConfiguration;
			buildSettings = {
				ASSETCATALOG_COMPILER_APPICON_NAME = AppIcon;
				ASSETCATALOG_COMPILER_GLOBAL_ACCENT_COLOR_NAME = AccentColor;
				CODE_SIGN_STYLE = Automatic;
				DEVELOPMENT_ASSET_PATHS = "\"Spandex/Preview Content\"";
				DEVELOPMENT_TEAM = H68A5MYF2Y;
				ENABLE_PREVIEWS = YES;
				INFOPLIST_FILE = Spandex/Info.plist;
				IPHONEOS_DEPLOYMENT_TARGET = 14.0;
				LD_RUNPATH_SEARCH_PATHS = (
					"$(inherited)",
					"@executable_path/Frameworks",
				);
				PRODUCT_BUNDLE_IDENTIFIER = com.codeglee.Spandex;
				PRODUCT_NAME = "$(TARGET_NAME)";
				SWIFT_VERSION = 5.0;
				TARGETED_DEVICE_FAMILY = "1,2";
			};
			name = Release;
		};
		9A5557EF25FF80C700204254 /* Debug */ = {
			isa = XCBuildConfiguration;
			buildSettings = {
				ALWAYS_EMBED_SWIFT_STANDARD_LIBRARIES = YES;
				BUNDLE_LOADER = "$(TEST_HOST)";
				CODE_SIGN_STYLE = Automatic;
				DEVELOPMENT_TEAM = H68A5MYF2Y;
				INFOPLIST_FILE = SpandexTests/Info.plist;
				IPHONEOS_DEPLOYMENT_TARGET = 14.0;
				LD_RUNPATH_SEARCH_PATHS = (
					"$(inherited)",
					"@executable_path/Frameworks",
					"@loader_path/Frameworks",
				);
				PRODUCT_BUNDLE_IDENTIFIER = com.codeglee.SpandexTests;
				PRODUCT_NAME = "$(TARGET_NAME)";
				SWIFT_VERSION = 5.0;
				TARGETED_DEVICE_FAMILY = "1,2";
				TEST_HOST = "$(BUILT_PRODUCTS_DIR)/Spandex.app/Spandex";
			};
			name = Debug;
		};
		9A5557F025FF80C700204254 /* Release */ = {
			isa = XCBuildConfiguration;
			buildSettings = {
				ALWAYS_EMBED_SWIFT_STANDARD_LIBRARIES = YES;
				BUNDLE_LOADER = "$(TEST_HOST)";
				CODE_SIGN_STYLE = Automatic;
				DEVELOPMENT_TEAM = H68A5MYF2Y;
				INFOPLIST_FILE = SpandexTests/Info.plist;
				IPHONEOS_DEPLOYMENT_TARGET = 14.0;
				LD_RUNPATH_SEARCH_PATHS = (
					"$(inherited)",
					"@executable_path/Frameworks",
					"@loader_path/Frameworks",
				);
				PRODUCT_BUNDLE_IDENTIFIER = com.codeglee.SpandexTests;
				PRODUCT_NAME = "$(TARGET_NAME)";
				SWIFT_VERSION = 5.0;
				TARGETED_DEVICE_FAMILY = "1,2";
				TEST_HOST = "$(BUILT_PRODUCTS_DIR)/Spandex.app/Spandex";
			};
			name = Release;
		};
		9A5557F225FF80C700204254 /* Debug */ = {
			isa = XCBuildConfiguration;
			buildSettings = {
				ALWAYS_EMBED_SWIFT_STANDARD_LIBRARIES = YES;
				CODE_SIGN_STYLE = Automatic;
				DEVELOPMENT_TEAM = H68A5MYF2Y;
				INFOPLIST_FILE = SpandexUITests/Info.plist;
				LD_RUNPATH_SEARCH_PATHS = (
					"$(inherited)",
					"@executable_path/Frameworks",
					"@loader_path/Frameworks",
				);
				PRODUCT_BUNDLE_IDENTIFIER = com.codeglee.SpandexUITests;
				PRODUCT_NAME = "$(TARGET_NAME)";
				SWIFT_VERSION = 5.0;
				TARGETED_DEVICE_FAMILY = "1,2";
				TEST_TARGET_NAME = Spandex;
			};
			name = Debug;
		};
		9A5557F325FF80C700204254 /* Release */ = {
			isa = XCBuildConfiguration;
			buildSettings = {
				ALWAYS_EMBED_SWIFT_STANDARD_LIBRARIES = YES;
				CODE_SIGN_STYLE = Automatic;
				DEVELOPMENT_TEAM = H68A5MYF2Y;
				INFOPLIST_FILE = SpandexUITests/Info.plist;
				LD_RUNPATH_SEARCH_PATHS = (
					"$(inherited)",
					"@executable_path/Frameworks",
					"@loader_path/Frameworks",
				);
				PRODUCT_BUNDLE_IDENTIFIER = com.codeglee.SpandexUITests;
				PRODUCT_NAME = "$(TARGET_NAME)";
				SWIFT_VERSION = 5.0;
				TARGETED_DEVICE_FAMILY = "1,2";
				TEST_TARGET_NAME = Spandex;
			};
			name = Release;
		};
/* End XCBuildConfiguration section */

/* Begin XCConfigurationList section */
		9A5557C125FF80C500204254 /* Build configuration list for PBXProject "Spandex" */ = {
			isa = XCConfigurationList;
			buildConfigurations = (
				9A5557E925FF80C700204254 /* Debug */,
				9A5557EA25FF80C700204254 /* Release */,
			);
			defaultConfigurationIsVisible = 0;
			defaultConfigurationName = Release;
		};
		9A5557EB25FF80C700204254 /* Build configuration list for PBXNativeTarget "Spandex" */ = {
			isa = XCConfigurationList;
			buildConfigurations = (
				9A5557EC25FF80C700204254 /* Debug */,
				9A5557ED25FF80C700204254 /* Release */,
			);
			defaultConfigurationIsVisible = 0;
			defaultConfigurationName = Release;
		};
		9A5557EE25FF80C700204254 /* Build configuration list for PBXNativeTarget "SpandexTests" */ = {
			isa = XCConfigurationList;
			buildConfigurations = (
				9A5557EF25FF80C700204254 /* Debug */,
				9A5557F025FF80C700204254 /* Release */,
			);
			defaultConfigurationIsVisible = 0;
			defaultConfigurationName = Release;
		};
		9A5557F125FF80C700204254 /* Build configuration list for PBXNativeTarget "SpandexUITests" */ = {
			isa = XCConfigurationList;
			buildConfigurations = (
				9A5557F225FF80C700204254 /* Debug */,
				9A5557F325FF80C700204254 /* Release */,
			);
			defaultConfigurationIsVisible = 0;
			defaultConfigurationName = Release;
		};
/* End XCConfigurationList section */
	};
	rootObject = 9A5557BE25FF80C500204254 /* Project object */;
}
